<Solution>
  <Project Path="CountdownRace/CountdownRace.csproj" />
  <Project Path="Dead Lock/Dead Lock.csproj" Id="beabdf13-61b3-483c-a2b1-09494eaf6aac" />
  <Project Path="ParalellComputing/ParalellComputing.csproj" />
  <Project Path="PingPong/PingPong.csproj" />
  <Project Path="RaceConditions/RaceConditions.csproj" />
  <Project Path="RaceConditions2/RaceConditions2.csproj" />
</Solution>
